// !$*UTF8*$!
{
	archiveVersion = 1;
	classes = {
	};
	objectVersion = 46;
	objects = {

/* Begin PBXAggregateTarget section */
		C9FBC3F41BFF9AE70055E01B /* Mogenerator */ = {
			isa = PBXAggregateTarget;
			buildConfigurationList = C9FBC3F71BFF9AE70055E01B /* Build configuration list for PBXAggregateTarget "Mogenerator" */;
			buildPhases = (
				C9FBC3F81BFF9AF70055E01B /* ShellScript */,
			);
			dependencies = (
			);
			name = Mogenerator;
			productName = Mogenerator;
		};
/* End PBXAggregateTarget section */

/* Begin PBXBuildFile section */
		C90F6D9F1C34823A001E1726 /* CBFFlipSegue.m in Sources */ = {isa = PBXBuildFile; fileRef = C90F6D9E1C34823A001E1726 /* CBFFlipSegue.m */; };
		C90F6DA51C35C446001E1726 /* CBFBeerDetailViewController.m in Sources */ = {isa = PBXBuildFile; fileRef = C90F6DA41C35C446001E1726 /* CBFBeerDetailViewController.m */; };
		C90F6DA81C35C4FF001E1726 /* CBFBeerHeaderCell.m in Sources */ = {isa = PBXBuildFile; fileRef = C90F6DA71C35C4FF001E1726 /* CBFBeerHeaderCell.m */; };
		C9429C9A1C2067B400C9D844 /* CBFBreweryDetailController.m in Sources */ = {isa = PBXBuildFile; fileRef = C9429C991C2067B400C9D844 /* CBFBreweryDetailController.m */; };
		C9429C9D1C209C8700C9D844 /* CBFBreweryHeaderCell.m in Sources */ = {isa = PBXBuildFile; fileRef = C9429C9C1C209C8700C9D844 /* CBFBreweryHeaderCell.m */; };
		C9429C9F1C27142B00C9D844 /* MapKit.framework in Frameworks */ = {isa = PBXBuildFile; fileRef = C9429C9E1C27142B00C9D844 /* MapKit.framework */; };
		C9429CA21C2718F500C9D844 /* CBFBreweryMapViewController.m in Sources */ = {isa = PBXBuildFile; fileRef = C9429CA11C2718F500C9D844 /* CBFBreweryMapViewController.m */; };
		C9429CA51C287AF100C9D844 /* CBFBreweryLocation.m in Sources */ = {isa = PBXBuildFile; fileRef = C9429CA41C287AF100C9D844 /* CBFBreweryLocation.m */; };
		C9429CA81C31DE6800C9D844 /* NSString+MD5String.m in Sources */ = {isa = PBXBuildFile; fileRef = C9429CA71C31DE6800C9D844 /* NSString+MD5String.m */; };
		C9D7D6AB1C344F9500294690 /* CBFBeerCell.m in Sources */ = {isa = PBXBuildFile; fileRef = C9D7D6AA1C344F9500294690 /* CBFBeerCell.m */; };
		C9F5CADC1C0FB83C00618F50 /* CBFLogInViewController.m in Sources */ = {isa = PBXBuildFile; fileRef = C9F5CADB1C0FB83C00618F50 /* CBFLogInViewController.m */; };
		C9F5CAE11C109E2800618F50 /* ServiceControllerTests.m in Sources */ = {isa = PBXBuildFile; fileRef = C9F5CAE01C109E2800618F50 /* ServiceControllerTests.m */; };
		C9F5CAE41C109EC900618F50 /* CBFServiceController.m in Sources */ = {isa = PBXBuildFile; fileRef = C9F5CAE31C109EC900618F50 /* CBFServiceController.m */; };
		C9F5CAE71C10A5ED00618F50 /* CBFSignUpViewController.m in Sources */ = {isa = PBXBuildFile; fileRef = C9F5CAE61C10A5ED00618F50 /* CBFSignUpViewController.m */; };
		C9F5CAEB1C110D4200618F50 /* NSString+NSString_EscapedString.m in Sources */ = {isa = PBXBuildFile; fileRef = C9F5CAEA1C110D4200618F50 /* NSString+NSString_EscapedString.m */; };
		C9F5CAEE1C11F9FD00618F50 /* CBFCoreDataController.m in Sources */ = {isa = PBXBuildFile; fileRef = C9F5CAED1C11F9FD00618F50 /* CBFCoreDataController.m */; };
		C9F5CAF31C16057700618F50 /* STKeychain.m in Sources */ = {isa = PBXBuildFile; fileRef = C9F5CAF21C16057700618F50 /* STKeychain.m */; settings = {COMPILER_FLAGS = "-fno-objc-arc"; }; };
		C9F5CAF61C160FD800618F50 /* Security.framework in Frameworks */ = {isa = PBXBuildFile; fileRef = C9F5CAF51C160FD800618F50 /* Security.framework */; };
		C9FBBD5E1C1783E00008D7A6 /* CoreLocation.framework in Frameworks */ = {isa = PBXBuildFile; fileRef = C9FBBD5D1C1783E00008D7A6 /* CoreLocation.framework */; };
		C9FBBD641C19D3820008D7A6 /* CBFGeofenceManager.m in Sources */ = {isa = PBXBuildFile; fileRef = C9FBBD631C19D3820008D7A6 /* CBFGeofenceManager.m */; };
		C9FBBD6A1C1B7A9A0008D7A6 /* CBFBreweryCell.m in Sources */ = {isa = PBXBuildFile; fileRef = C9FBBD691C1B7A9A0008D7A6 /* CBFBreweryCell.m */; };
		C9FBC3BD1BFE80E00055E01B /* main.m in Sources */ = {isa = PBXBuildFile; fileRef = C9FBC3BC1BFE80E00055E01B /* main.m */; };
		C9FBC3C01BFE80E00055E01B /* AppDelegate.m in Sources */ = {isa = PBXBuildFile; fileRef = C9FBC3BF1BFE80E00055E01B /* AppDelegate.m */; };
		C9FBC3C31BFE80E00055E01B /* ViewController.m in Sources */ = {isa = PBXBuildFile; fileRef = C9FBC3C21BFE80E00055E01B /* ViewController.m */; };
		C9FBC3C61BFE80E00055E01B /* Main.storyboard in Resources */ = {isa = PBXBuildFile; fileRef = C9FBC3C41BFE80E00055E01B /* Main.storyboard */; };
		C9FBC3C91BFE80E00055E01B /* ColoradoBreweryFinder.xcdatamodeld in Sources */ = {isa = PBXBuildFile; fileRef = C9FBC3C71BFE80E00055E01B /* ColoradoBreweryFinder.xcdatamodeld */; };
		C9FBC3CB1BFE80E00055E01B /* Assets.xcassets in Resources */ = {isa = PBXBuildFile; fileRef = C9FBC3CA1BFE80E00055E01B /* Assets.xcassets */; };
		C9FBC3CE1BFE80E00055E01B /* LaunchScreen.storyboard in Resources */ = {isa = PBXBuildFile; fileRef = C9FBC3CC1BFE80E00055E01B /* LaunchScreen.storyboard */; };
		C9FBC3D91BFE80E00055E01B /* ColoradoBreweryFinderTests.m in Sources */ = {isa = PBXBuildFile; fileRef = C9FBC3D81BFE80E00055E01B /* ColoradoBreweryFinderTests.m */; };
		C9FBC3E41BFE80E00055E01B /* ColoradoBreweryFinderUITests.m in Sources */ = {isa = PBXBuildFile; fileRef = C9FBC3E31BFE80E00055E01B /* ColoradoBreweryFinderUITests.m */; };
		C9FBC3F31BFF78430055E01B /* BRPersistenceController.m in Sources */ = {isa = PBXBuildFile; fileRef = C9FBC3F21BFF78430055E01B /* BRPersistenceController.m */; };
		C9FBC4301BFFD46B0055E01B /* CBFBeer.m in Sources */ = {isa = PBXBuildFile; fileRef = C9FBC41C1BFFD46B0055E01B /* CBFBeer.m */; };
		C9FBC4311BFFD46B0055E01B /* CBFBeerRating.m in Sources */ = {isa = PBXBuildFile; fileRef = C9FBC41E1BFFD46B0055E01B /* CBFBeerRating.m */; };
		C9FBC4321BFFD46B0055E01B /* CBFBrewery.m in Sources */ = {isa = PBXBuildFile; fileRef = C9FBC4201BFFD46B0055E01B /* CBFBrewery.m */; };
		C9FBC4331BFFD46B0055E01B /* CBFBreweryRating.m in Sources */ = {isa = PBXBuildFile; fileRef = C9FBC4221BFFD46B0055E01B /* CBFBreweryRating.m */; };
		C9FBC4341BFFD46B0055E01B /* CBFUser.m in Sources */ = {isa = PBXBuildFile; fileRef = C9FBC4241BFFD46B0055E01B /* CBFUser.m */; };
		C9FBC4351BFFD46B0055E01B /* _CBFBeer.m in Sources */ = {isa = PBXBuildFile; fileRef = C9FBC4271BFFD46B0055E01B /* _CBFBeer.m */; };
		C9FBC4361BFFD46B0055E01B /* _CBFBeerRating.m in Sources */ = {isa = PBXBuildFile; fileRef = C9FBC4291BFFD46B0055E01B /* _CBFBeerRating.m */; };
		C9FBC4371BFFD46B0055E01B /* _CBFBrewery.m in Sources */ = {isa = PBXBuildFile; fileRef = C9FBC42B1BFFD46B0055E01B /* _CBFBrewery.m */; };
		C9FBC4381BFFD46B0055E01B /* _CBFBreweryRating.m in Sources */ = {isa = PBXBuildFile; fileRef = C9FBC42D1BFFD46B0055E01B /* _CBFBreweryRating.m */; };
		C9FBC4391BFFD46B0055E01B /* _CBFUser.m in Sources */ = {isa = PBXBuildFile; fileRef = C9FBC42F1BFFD46B0055E01B /* _CBFUser.m */; };
		C9FBC43B1C0384F70055E01B /* CBFBeerTests.m in Sources */ = {isa = PBXBuildFile; fileRef = C9FBC43A1C0384F70055E01B /* CBFBeerTests.m */; };
/* End PBXBuildFile section */

/* Begin PBXContainerItemProxy section */
		C9FBC3D51BFE80E00055E01B /* PBXContainerItemProxy */ = {
			isa = PBXContainerItemProxy;
			containerPortal = C9FBC3B01BFE80E00055E01B /* Project object */;
			proxyType = 1;
			remoteGlobalIDString = C9FBC3B71BFE80E00055E01B;
			remoteInfo = ColoradoBreweryFinder;
		};
		C9FBC3E01BFE80E00055E01B /* PBXContainerItemProxy */ = {
			isa = PBXContainerItemProxy;
			containerPortal = C9FBC3B01BFE80E00055E01B /* Project object */;
			proxyType = 1;
			remoteGlobalIDString = C9FBC3B71BFE80E00055E01B;
			remoteInfo = ColoradoBreweryFinder;
		};
		C9FBC4181BFFD1B30055E01B /* PBXContainerItemProxy */ = {
			isa = PBXContainerItemProxy;
			containerPortal = C9FBC3B01BFE80E00055E01B /* Project object */;
			proxyType = 1;
			remoteGlobalIDString = C9FBC3F41BFF9AE70055E01B;
			remoteInfo = Mogenerator;
		};
/* End PBXContainerItemProxy section */

/* Begin PBXFileReference section */
		C90F6D9D1C34823A001E1726 /* CBFFlipSegue.h */ = {isa = PBXFileReference; fileEncoding = 4; lastKnownFileType = sourcecode.c.h; name = CBFFlipSegue.h; path = ../CBFFlipSegue.h; sourceTree = "<group>"; };
		C90F6D9E1C34823A001E1726 /* CBFFlipSegue.m */ = {isa = PBXFileReference; fileEncoding = 4; lastKnownFileType = sourcecode.c.objc; name = CBFFlipSegue.m; path = ../CBFFlipSegue.m; sourceTree = "<group>"; };
		C90F6DA31C35C446001E1726 /* CBFBeerDetailViewController.h */ = {isa = PBXFileReference; fileEncoding = 4; lastKnownFileType = sourcecode.c.h; path = CBFBeerDetailViewController.h; sourceTree = "<group>"; };
		C90F6DA41C35C446001E1726 /* CBFBeerDetailViewController.m */ = {isa = PBXFileReference; fileEncoding = 4; lastKnownFileType = sourcecode.c.objc; path = CBFBeerDetailViewController.m; sourceTree = "<group>"; };
		C90F6DA61C35C4FF001E1726 /* CBFBeerHeaderCell.h */ = {isa = PBXFileReference; fileEncoding = 4; lastKnownFileType = sourcecode.c.h; path = CBFBeerHeaderCell.h; sourceTree = "<group>"; };
		C90F6DA71C35C4FF001E1726 /* CBFBeerHeaderCell.m */ = {isa = PBXFileReference; fileEncoding = 4; lastKnownFileType = sourcecode.c.objc; path = CBFBeerHeaderCell.m; sourceTree = "<group>"; };
		C9429C981C2067B400C9D844 /* CBFBreweryDetailController.h */ = {isa = PBXFileReference; fileEncoding = 4; lastKnownFileType = sourcecode.c.h; path = CBFBreweryDetailController.h; sourceTree = "<group>"; };
		C9429C991C2067B400C9D844 /* CBFBreweryDetailController.m */ = {isa = PBXFileReference; fileEncoding = 4; lastKnownFileType = sourcecode.c.objc; path = CBFBreweryDetailController.m; sourceTree = "<group>"; };
		C9429C9B1C209C8700C9D844 /* CBFBreweryHeaderCell.h */ = {isa = PBXFileReference; fileEncoding = 4; lastKnownFileType = sourcecode.c.h; path = CBFBreweryHeaderCell.h; sourceTree = "<group>"; };
		C9429C9C1C209C8700C9D844 /* CBFBreweryHeaderCell.m */ = {isa = PBXFileReference; fileEncoding = 4; lastKnownFileType = sourcecode.c.objc; path = CBFBreweryHeaderCell.m; sourceTree = "<group>"; };
		C9429C9E1C27142B00C9D844 /* MapKit.framework */ = {isa = PBXFileReference; lastKnownFileType = wrapper.framework; name = MapKit.framework; path = System/Library/Frameworks/MapKit.framework; sourceTree = SDKROOT; };
		C9429CA01C2718F500C9D844 /* CBFBreweryMapViewController.h */ = {isa = PBXFileReference; fileEncoding = 4; lastKnownFileType = sourcecode.c.h; path = CBFBreweryMapViewController.h; sourceTree = "<group>"; };
		C9429CA11C2718F500C9D844 /* CBFBreweryMapViewController.m */ = {isa = PBXFileReference; fileEncoding = 4; lastKnownFileType = sourcecode.c.objc; path = CBFBreweryMapViewController.m; sourceTree = "<group>"; };
		C9429CA31C287AF100C9D844 /* CBFBreweryLocation.h */ = {isa = PBXFileReference; fileEncoding = 4; lastKnownFileType = sourcecode.c.h; path = CBFBreweryLocation.h; sourceTree = "<group>"; };
		C9429CA41C287AF100C9D844 /* CBFBreweryLocation.m */ = {isa = PBXFileReference; fileEncoding = 4; lastKnownFileType = sourcecode.c.objc; path = CBFBreweryLocation.m; sourceTree = "<group>"; };
		C9429CA61C31DE6800C9D844 /* NSString+MD5String.h */ = {isa = PBXFileReference; fileEncoding = 4; lastKnownFileType = sourcecode.c.h; path = "NSString+MD5String.h"; sourceTree = "<group>"; };
		C9429CA71C31DE6800C9D844 /* NSString+MD5String.m */ = {isa = PBXFileReference; fileEncoding = 4; lastKnownFileType = sourcecode.c.objc; path = "NSString+MD5String.m"; sourceTree = "<group>"; };
		C9D7D6A91C344F9500294690 /* CBFBeerCell.h */ = {isa = PBXFileReference; fileEncoding = 4; lastKnownFileType = sourcecode.c.h; path = CBFBeerCell.h; sourceTree = "<group>"; };
		C9D7D6AA1C344F9500294690 /* CBFBeerCell.m */ = {isa = PBXFileReference; fileEncoding = 4; lastKnownFileType = sourcecode.c.objc; path = CBFBeerCell.m; sourceTree = "<group>"; };
		C9F5CADA1C0FB83C00618F50 /* CBFLogInViewController.h */ = {isa = PBXFileReference; fileEncoding = 4; lastKnownFileType = sourcecode.c.h; path = CBFLogInViewController.h; sourceTree = "<group>"; };
		C9F5CADB1C0FB83C00618F50 /* CBFLogInViewController.m */ = {isa = PBXFileReference; fileEncoding = 4; lastKnownFileType = sourcecode.c.objc; path = CBFLogInViewController.m; sourceTree = "<group>"; };
		C9F5CAE01C109E2800618F50 /* ServiceControllerTests.m */ = {isa = PBXFileReference; fileEncoding = 4; lastKnownFileType = sourcecode.c.objc; path = ServiceControllerTests.m; sourceTree = "<group>"; };
		C9F5CAE21C109EC900618F50 /* CBFServiceController.h */ = {isa = PBXFileReference; fileEncoding = 4; lastKnownFileType = sourcecode.c.h; path = CBFServiceController.h; sourceTree = "<group>"; };
		C9F5CAE31C109EC900618F50 /* CBFServiceController.m */ = {isa = PBXFileReference; fileEncoding = 4; lastKnownFileType = sourcecode.c.objc; path = CBFServiceController.m; sourceTree = "<group>"; };
		C9F5CAE51C10A5ED00618F50 /* CBFSignUpViewController.h */ = {isa = PBXFileReference; fileEncoding = 4; lastKnownFileType = sourcecode.c.h; path = CBFSignUpViewController.h; sourceTree = "<group>"; };
		C9F5CAE61C10A5ED00618F50 /* CBFSignUpViewController.m */ = {isa = PBXFileReference; fileEncoding = 4; lastKnownFileType = sourcecode.c.objc; path = CBFSignUpViewController.m; sourceTree = "<group>"; };
		C9F5CAE91C110D4200618F50 /* NSString+NSString_EscapedString.h */ = {isa = PBXFileReference; fileEncoding = 4; lastKnownFileType = sourcecode.c.h; path = "NSString+NSString_EscapedString.h"; sourceTree = "<group>"; };
		C9F5CAEA1C110D4200618F50 /* NSString+NSString_EscapedString.m */ = {isa = PBXFileReference; fileEncoding = 4; lastKnownFileType = sourcecode.c.objc; path = "NSString+NSString_EscapedString.m"; sourceTree = "<group>"; };
		C9F5CAEC1C11F9FD00618F50 /* CBFCoreDataController.h */ = {isa = PBXFileReference; fileEncoding = 4; lastKnownFileType = sourcecode.c.h; path = CBFCoreDataController.h; sourceTree = "<group>"; };
		C9F5CAED1C11F9FD00618F50 /* CBFCoreDataController.m */ = {isa = PBXFileReference; fileEncoding = 4; lastKnownFileType = sourcecode.c.objc; path = CBFCoreDataController.m; sourceTree = "<group>"; };
		C9F5CAF11C16057100618F50 /* STKeychain.h */ = {isa = PBXFileReference; lastKnownFileType = sourcecode.c.h; path = STKeychain.h; sourceTree = "<group>"; };
		C9F5CAF21C16057700618F50 /* STKeychain.m */ = {isa = PBXFileReference; fileEncoding = 4; lastKnownFileType = sourcecode.c.objc; path = STKeychain.m; sourceTree = "<group>"; };
		C9F5CAF51C160FD800618F50 /* Security.framework */ = {isa = PBXFileReference; lastKnownFileType = wrapper.framework; name = Security.framework; path = System/Library/Frameworks/Security.framework; sourceTree = SDKROOT; };
		C9FBBD5D1C1783E00008D7A6 /* CoreLocation.framework */ = {isa = PBXFileReference; lastKnownFileType = wrapper.framework; name = CoreLocation.framework; path = System/Library/Frameworks/CoreLocation.framework; sourceTree = SDKROOT; };
		C9FBBD621C19D3820008D7A6 /* CBFGeofenceManager.h */ = {isa = PBXFileReference; fileEncoding = 4; lastKnownFileType = sourcecode.c.h; path = CBFGeofenceManager.h; sourceTree = "<group>"; };
		C9FBBD631C19D3820008D7A6 /* CBFGeofenceManager.m */ = {isa = PBXFileReference; fileEncoding = 4; lastKnownFileType = sourcecode.c.objc; path = CBFGeofenceManager.m; sourceTree = "<group>"; };
		C9FBBD681C1B7A9A0008D7A6 /* CBFBreweryCell.h */ = {isa = PBXFileReference; fileEncoding = 4; lastKnownFileType = sourcecode.c.h; path = CBFBreweryCell.h; sourceTree = "<group>"; };
		C9FBBD691C1B7A9A0008D7A6 /* CBFBreweryCell.m */ = {isa = PBXFileReference; fileEncoding = 4; lastKnownFileType = sourcecode.c.objc; path = CBFBreweryCell.m; sourceTree = "<group>"; };
		C9FBC3B81BFE80E00055E01B /* ColoradoBreweryFinder.app */ = {isa = PBXFileReference; explicitFileType = wrapper.application; includeInIndex = 0; path = ColoradoBreweryFinder.app; sourceTree = BUILT_PRODUCTS_DIR; };
		C9FBC3BC1BFE80E00055E01B /* main.m */ = {isa = PBXFileReference; lastKnownFileType = sourcecode.c.objc; path = main.m; sourceTree = "<group>"; };
		C9FBC3BE1BFE80E00055E01B /* AppDelegate.h */ = {isa = PBXFileReference; lastKnownFileType = sourcecode.c.h; path = AppDelegate.h; sourceTree = "<group>"; };
		C9FBC3BF1BFE80E00055E01B /* AppDelegate.m */ = {isa = PBXFileReference; lastKnownFileType = sourcecode.c.objc; path = AppDelegate.m; sourceTree = "<group>"; };
		C9FBC3C11BFE80E00055E01B /* ViewController.h */ = {isa = PBXFileReference; lastKnownFileType = sourcecode.c.h; path = ViewController.h; sourceTree = "<group>"; };
		C9FBC3C21BFE80E00055E01B /* ViewController.m */ = {isa = PBXFileReference; lastKnownFileType = sourcecode.c.objc; path = ViewController.m; sourceTree = "<group>"; };
		C9FBC3C51BFE80E00055E01B /* Base */ = {isa = PBXFileReference; lastKnownFileType = file.storyboard; name = Base; path = Base.lproj/Main.storyboard; sourceTree = "<group>"; };
		C9FBC3C81BFE80E00055E01B /* ColoradoBreweryFinder.xcdatamodel */ = {isa = PBXFileReference; lastKnownFileType = wrapper.xcdatamodel; path = ColoradoBreweryFinder.xcdatamodel; sourceTree = "<group>"; };
		C9FBC3CA1BFE80E00055E01B /* Assets.xcassets */ = {isa = PBXFileReference; lastKnownFileType = folder.assetcatalog; path = Assets.xcassets; sourceTree = "<group>"; };
		C9FBC3CD1BFE80E00055E01B /* Base */ = {isa = PBXFileReference; lastKnownFileType = file.storyboard; name = Base; path = Base.lproj/LaunchScreen.storyboard; sourceTree = "<group>"; };
		C9FBC3CF1BFE80E00055E01B /* Info.plist */ = {isa = PBXFileReference; lastKnownFileType = text.plist.xml; path = Info.plist; sourceTree = "<group>"; };
		C9FBC3D41BFE80E00055E01B /* ColoradoBreweryFinderTests.xctest */ = {isa = PBXFileReference; explicitFileType = wrapper.cfbundle; includeInIndex = 0; path = ColoradoBreweryFinderTests.xctest; sourceTree = BUILT_PRODUCTS_DIR; };
		C9FBC3D81BFE80E00055E01B /* ColoradoBreweryFinderTests.m */ = {isa = PBXFileReference; lastKnownFileType = sourcecode.c.objc; path = ColoradoBreweryFinderTests.m; sourceTree = "<group>"; };
		C9FBC3DA1BFE80E00055E01B /* Info.plist */ = {isa = PBXFileReference; lastKnownFileType = text.plist.xml; path = Info.plist; sourceTree = "<group>"; };
		C9FBC3DF1BFE80E00055E01B /* ColoradoBreweryFinderUITests.xctest */ = {isa = PBXFileReference; explicitFileType = wrapper.cfbundle; includeInIndex = 0; path = ColoradoBreweryFinderUITests.xctest; sourceTree = BUILT_PRODUCTS_DIR; };
		C9FBC3E31BFE80E00055E01B /* ColoradoBreweryFinderUITests.m */ = {isa = PBXFileReference; lastKnownFileType = sourcecode.c.objc; path = ColoradoBreweryFinderUITests.m; sourceTree = "<group>"; };
		C9FBC3E51BFE80E00055E01B /* Info.plist */ = {isa = PBXFileReference; lastKnownFileType = text.plist.xml; path = Info.plist; sourceTree = "<group>"; };
		C9FBC3F11BFF78430055E01B /* BRPersistenceController.h */ = {isa = PBXFileReference; fileEncoding = 4; lastKnownFileType = sourcecode.c.h; path = BRPersistenceController.h; sourceTree = "<group>"; };
		C9FBC3F21BFF78430055E01B /* BRPersistenceController.m */ = {isa = PBXFileReference; fileEncoding = 4; lastKnownFileType = sourcecode.c.objc; path = BRPersistenceController.m; sourceTree = "<group>"; };
		C9FBC41B1BFFD46B0055E01B /* CBFBeer.h */ = {isa = PBXFileReference; fileEncoding = 4; lastKnownFileType = sourcecode.c.h; path = CBFBeer.h; sourceTree = "<group>"; };
		C9FBC41C1BFFD46B0055E01B /* CBFBeer.m */ = {isa = PBXFileReference; fileEncoding = 4; lastKnownFileType = sourcecode.c.objc; path = CBFBeer.m; sourceTree = "<group>"; };
		C9FBC41D1BFFD46B0055E01B /* CBFBeerRating.h */ = {isa = PBXFileReference; fileEncoding = 4; lastKnownFileType = sourcecode.c.h; path = CBFBeerRating.h; sourceTree = "<group>"; };
		C9FBC41E1BFFD46B0055E01B /* CBFBeerRating.m */ = {isa = PBXFileReference; fileEncoding = 4; lastKnownFileType = sourcecode.c.objc; path = CBFBeerRating.m; sourceTree = "<group>"; };
		C9FBC41F1BFFD46B0055E01B /* CBFBrewery.h */ = {isa = PBXFileReference; fileEncoding = 4; lastKnownFileType = sourcecode.c.h; path = CBFBrewery.h; sourceTree = "<group>"; };
		C9FBC4201BFFD46B0055E01B /* CBFBrewery.m */ = {isa = PBXFileReference; fileEncoding = 4; lastKnownFileType = sourcecode.c.objc; path = CBFBrewery.m; sourceTree = "<group>"; };
		C9FBC4211BFFD46B0055E01B /* CBFBreweryRating.h */ = {isa = PBXFileReference; fileEncoding = 4; lastKnownFileType = sourcecode.c.h; path = CBFBreweryRating.h; sourceTree = "<group>"; };
		C9FBC4221BFFD46B0055E01B /* CBFBreweryRating.m */ = {isa = PBXFileReference; fileEncoding = 4; lastKnownFileType = sourcecode.c.objc; path = CBFBreweryRating.m; sourceTree = "<group>"; };
		C9FBC4231BFFD46B0055E01B /* CBFUser.h */ = {isa = PBXFileReference; fileEncoding = 4; lastKnownFileType = sourcecode.c.h; path = CBFUser.h; sourceTree = "<group>"; };
		C9FBC4241BFFD46B0055E01B /* CBFUser.m */ = {isa = PBXFileReference; fileEncoding = 4; lastKnownFileType = sourcecode.c.objc; path = CBFUser.m; sourceTree = "<group>"; };
		C9FBC4261BFFD46B0055E01B /* _CBFBeer.h */ = {isa = PBXFileReference; fileEncoding = 4; lastKnownFileType = sourcecode.c.h; path = _CBFBeer.h; sourceTree = "<group>"; };
		C9FBC4271BFFD46B0055E01B /* _CBFBeer.m */ = {isa = PBXFileReference; fileEncoding = 4; lastKnownFileType = sourcecode.c.objc; path = _CBFBeer.m; sourceTree = "<group>"; };
		C9FBC4281BFFD46B0055E01B /* _CBFBeerRating.h */ = {isa = PBXFileReference; fileEncoding = 4; lastKnownFileType = sourcecode.c.h; path = _CBFBeerRating.h; sourceTree = "<group>"; };
		C9FBC4291BFFD46B0055E01B /* _CBFBeerRating.m */ = {isa = PBXFileReference; fileEncoding = 4; lastKnownFileType = sourcecode.c.objc; path = _CBFBeerRating.m; sourceTree = "<group>"; };
		C9FBC42A1BFFD46B0055E01B /* _CBFBrewery.h */ = {isa = PBXFileReference; fileEncoding = 4; lastKnownFileType = sourcecode.c.h; path = _CBFBrewery.h; sourceTree = "<group>"; };
		C9FBC42B1BFFD46B0055E01B /* _CBFBrewery.m */ = {isa = PBXFileReference; fileEncoding = 4; lastKnownFileType = sourcecode.c.objc; path = _CBFBrewery.m; sourceTree = "<group>"; };
		C9FBC42C1BFFD46B0055E01B /* _CBFBreweryRating.h */ = {isa = PBXFileReference; fileEncoding = 4; lastKnownFileType = sourcecode.c.h; path = _CBFBreweryRating.h; sourceTree = "<group>"; };
		C9FBC42D1BFFD46B0055E01B /* _CBFBreweryRating.m */ = {isa = PBXFileReference; fileEncoding = 4; lastKnownFileType = sourcecode.c.objc; path = _CBFBreweryRating.m; sourceTree = "<group>"; };
		C9FBC42E1BFFD46B0055E01B /* _CBFUser.h */ = {isa = PBXFileReference; fileEncoding = 4; lastKnownFileType = sourcecode.c.h; path = _CBFUser.h; sourceTree = "<group>"; };
		C9FBC42F1BFFD46B0055E01B /* _CBFUser.m */ = {isa = PBXFileReference; fileEncoding = 4; lastKnownFileType = sourcecode.c.objc; path = _CBFUser.m; sourceTree = "<group>"; };
		C9FBC43A1C0384F70055E01B /* CBFBeerTests.m */ = {isa = PBXFileReference; fileEncoding = 4; lastKnownFileType = sourcecode.c.objc; path = CBFBeerTests.m; sourceTree = "<group>"; };
/* End PBXFileReference section */

/* Begin PBXFrameworksBuildPhase section */
		C9FBC3B51BFE80E00055E01B /* Frameworks */ = {
			isa = PBXFrameworksBuildPhase;
			buildActionMask = 2147483647;
			files = (
				C9429C9F1C27142B00C9D844 /* MapKit.framework in Frameworks */,
				C9FBBD5E1C1783E00008D7A6 /* CoreLocation.framework in Frameworks */,
				C9F5CAF61C160FD800618F50 /* Security.framework in Frameworks */,
			);
			runOnlyForDeploymentPostprocessing = 0;
		};
		C9FBC3D11BFE80E00055E01B /* Frameworks */ = {
			isa = PBXFrameworksBuildPhase;
			buildActionMask = 2147483647;
			files = (
			);
			runOnlyForDeploymentPostprocessing = 0;
		};
		C9FBC3DC1BFE80E00055E01B /* Frameworks */ = {
			isa = PBXFrameworksBuildPhase;
			buildActionMask = 2147483647;
			files = (
			);
			runOnlyForDeploymentPostprocessing = 0;
		};
/* End PBXFrameworksBuildPhase section */

/* Begin PBXGroup section */
		C9F5CACB1C0F952700618F50 /* DataControl */ = {
			isa = PBXGroup;
			children = (
				C9F5CAE21C109EC900618F50 /* CBFServiceController.h */,
				C9F5CAE31C109EC900618F50 /* CBFServiceController.m */,
				C9F5CAEC1C11F9FD00618F50 /* CBFCoreDataController.h */,
				C9F5CAED1C11F9FD00618F50 /* CBFCoreDataController.m */,
			);
			name = DataControl;
			path = Model;
			sourceTree = "<group>";
		};
		C9F5CAE81C110BFA00618F50 /* Catagories */ = {
			isa = PBXGroup;
			children = (
				C9F5CAE91C110D4200618F50 /* NSString+NSString_EscapedString.h */,
				C9F5CAEA1C110D4200618F50 /* NSString+NSString_EscapedString.m */,
				C9429CA61C31DE6800C9D844 /* NSString+MD5String.h */,
				C9429CA71C31DE6800C9D844 /* NSString+MD5String.m */,
			);
			name = Catagories;
			path = Model;
			sourceTree = "<group>";
		};
		C9F5CAEF1C16053A00618F50 /* ThirdPartyCode */ = {
			isa = PBXGroup;
			children = (
				C9F5CAF11C16057100618F50 /* STKeychain.h */,
				C9F5CAF21C16057700618F50 /* STKeychain.m */,
			);
			name = ThirdPartyCode;
			sourceTree = "<group>";
		};
		C9FBC3AF1BFE80E00055E01B = {
			isa = PBXGroup;
			children = (
				C9429C9E1C27142B00C9D844 /* MapKit.framework */,
				C9FBBD5D1C1783E00008D7A6 /* CoreLocation.framework */,
				C9F5CAF51C160FD800618F50 /* Security.framework */,
				C9FBC3F11BFF78430055E01B /* BRPersistenceController.h */,
				C9FBC3F21BFF78430055E01B /* BRPersistenceController.m */,
				C9FBBD621C19D3820008D7A6 /* CBFGeofenceManager.h */,
				C9FBBD631C19D3820008D7A6 /* CBFGeofenceManager.m */,
				C9FBC3BA1BFE80E00055E01B /* ColoradoBreweryFinder */,
				C9FBC3D71BFE80E00055E01B /* ColoradoBreweryFinderTests */,
				C9FBC3E21BFE80E00055E01B /* ColoradoBreweryFinderUITests */,
				C9FBC3B91BFE80E00055E01B /* Products */,
			);
			sourceTree = "<group>";
		};
		C9FBC3B91BFE80E00055E01B /* Products */ = {
			isa = PBXGroup;
			children = (
				C9FBC3B81BFE80E00055E01B /* ColoradoBreweryFinder.app */,
				C9FBC3D41BFE80E00055E01B /* ColoradoBreweryFinderTests.xctest */,
				C9FBC3DF1BFE80E00055E01B /* ColoradoBreweryFinderUITests.xctest */,
			);
			name = Products;
			sourceTree = "<group>";
		};
		C9FBC3BA1BFE80E00055E01B /* ColoradoBreweryFinder */ = {
			isa = PBXGroup;
			children = (
				C9F5CAEF1C16053A00618F50 /* ThirdPartyCode */,
				C9F5CAE81C110BFA00618F50 /* Catagories */,
				C9F5CACB1C0F952700618F50 /* DataControl */,
				C9FBC3F91BFFD12A0055E01B /* Model */,
				C9FBC3BE1BFE80E00055E01B /* AppDelegate.h */,
				C9FBC3BF1BFE80E00055E01B /* AppDelegate.m */,
				C90F6D9D1C34823A001E1726 /* CBFFlipSegue.h */,
				C90F6D9E1C34823A001E1726 /* CBFFlipSegue.m */,
				C9FBC3C11BFE80E00055E01B /* ViewController.h */,
				C9FBC3C21BFE80E00055E01B /* ViewController.m */,
				C9FBBD681C1B7A9A0008D7A6 /* CBFBreweryCell.h */,
				C9FBBD691C1B7A9A0008D7A6 /* CBFBreweryCell.m */,
				C9429C981C2067B400C9D844 /* CBFBreweryDetailController.h */,
				C9429C991C2067B400C9D844 /* CBFBreweryDetailController.m */,
				C9429C9B1C209C8700C9D844 /* CBFBreweryHeaderCell.h */,
				C9429C9C1C209C8700C9D844 /* CBFBreweryHeaderCell.m */,
				C9D7D6A91C344F9500294690 /* CBFBeerCell.h */,
				C9D7D6AA1C344F9500294690 /* CBFBeerCell.m */,
				C90F6DA31C35C446001E1726 /* CBFBeerDetailViewController.h */,
				C90F6DA41C35C446001E1726 /* CBFBeerDetailViewController.m */,
				C90F6DA61C35C4FF001E1726 /* CBFBeerHeaderCell.h */,
				C90F6DA71C35C4FF001E1726 /* CBFBeerHeaderCell.m */,
				C9F5CADA1C0FB83C00618F50 /* CBFLogInViewController.h */,
				C9F5CADB1C0FB83C00618F50 /* CBFLogInViewController.m */,
				C9F5CAE51C10A5ED00618F50 /* CBFSignUpViewController.h */,
				C9F5CAE61C10A5ED00618F50 /* CBFSignUpViewController.m */,
				C9429CA01C2718F500C9D844 /* CBFBreweryMapViewController.h */,
				C9429CA11C2718F500C9D844 /* CBFBreweryMapViewController.m */,
				C9429CA31C287AF100C9D844 /* CBFBreweryLocation.h */,
				C9429CA41C287AF100C9D844 /* CBFBreweryLocation.m */,
				C9FBC3C41BFE80E00055E01B /* Main.storyboard */,
				C9FBC3CA1BFE80E00055E01B /* Assets.xcassets */,
				C9FBC3CC1BFE80E00055E01B /* LaunchScreen.storyboard */,
				C9FBC3CF1BFE80E00055E01B /* Info.plist */,
				C9FBC3BB1BFE80E00055E01B /* Supporting Files */,
			);
			path = ColoradoBreweryFinder;
			sourceTree = "<group>";
		};
		C9FBC3BB1BFE80E00055E01B /* Supporting Files */ = {
			isa = PBXGroup;
			children = (
				C9FBC3BC1BFE80E00055E01B /* main.m */,
			);
			name = "Supporting Files";
			sourceTree = "<group>";
		};
		C9FBC3D71BFE80E00055E01B /* ColoradoBreweryFinderTests */ = {
			isa = PBXGroup;
			children = (
				C9FBC3D81BFE80E00055E01B /* ColoradoBreweryFinderTests.m */,
				C9FBC3DA1BFE80E00055E01B /* Info.plist */,
				C9FBC43A1C0384F70055E01B /* CBFBeerTests.m */,
				C9F5CAE01C109E2800618F50 /* ServiceControllerTests.m */,
			);
			path = ColoradoBreweryFinderTests;
			sourceTree = "<group>";
		};
		C9FBC3E21BFE80E00055E01B /* ColoradoBreweryFinderUITests */ = {
			isa = PBXGroup;
			children = (
				C9FBC3E31BFE80E00055E01B /* ColoradoBreweryFinderUITests.m */,
				C9FBC3E51BFE80E00055E01B /* Info.plist */,
			);
			path = ColoradoBreweryFinderUITests;
			sourceTree = "<group>";
		};
		C9FBC3F91BFFD12A0055E01B /* Model */ = {
			isa = PBXGroup;
			children = (
				C9FBC3C71BFE80E00055E01B /* ColoradoBreweryFinder.xcdatamodeld */,
				C9FBC41A1BFFD46B0055E01B /* Human */,
				C9FBC4251BFFD46B0055E01B /* Machine */,
			);
			path = Model;
			sourceTree = "<group>";
		};
		C9FBC41A1BFFD46B0055E01B /* Human */ = {
			isa = PBXGroup;
			children = (
				C9FBC41B1BFFD46B0055E01B /* CBFBeer.h */,
				C9FBC41C1BFFD46B0055E01B /* CBFBeer.m */,
				C9FBC41D1BFFD46B0055E01B /* CBFBeerRating.h */,
				C9FBC41E1BFFD46B0055E01B /* CBFBeerRating.m */,
				C9FBC41F1BFFD46B0055E01B /* CBFBrewery.h */,
				C9FBC4201BFFD46B0055E01B /* CBFBrewery.m */,
				C9FBC4211BFFD46B0055E01B /* CBFBreweryRating.h */,
				C9FBC4221BFFD46B0055E01B /* CBFBreweryRating.m */,
				C9FBC4231BFFD46B0055E01B /* CBFUser.h */,
				C9FBC4241BFFD46B0055E01B /* CBFUser.m */,
			);
			path = Human;
			sourceTree = "<group>";
		};
		C9FBC4251BFFD46B0055E01B /* Machine */ = {
			isa = PBXGroup;
			children = (
				C9FBC4261BFFD46B0055E01B /* _CBFBeer.h */,
				C9FBC4271BFFD46B0055E01B /* _CBFBeer.m */,
				C9FBC4281BFFD46B0055E01B /* _CBFBeerRating.h */,
				C9FBC4291BFFD46B0055E01B /* _CBFBeerRating.m */,
				C9FBC42A1BFFD46B0055E01B /* _CBFBrewery.h */,
				C9FBC42B1BFFD46B0055E01B /* _CBFBrewery.m */,
				C9FBC42C1BFFD46B0055E01B /* _CBFBreweryRating.h */,
				C9FBC42D1BFFD46B0055E01B /* _CBFBreweryRating.m */,
				C9FBC42E1BFFD46B0055E01B /* _CBFUser.h */,
				C9FBC42F1BFFD46B0055E01B /* _CBFUser.m */,
			);
			path = Machine;
			sourceTree = "<group>";
		};
/* End PBXGroup section */

/* Begin PBXNativeTarget section */
		C9FBC3B71BFE80E00055E01B /* ColoradoBreweryFinder */ = {
			isa = PBXNativeTarget;
			buildConfigurationList = C9FBC3E81BFE80E00055E01B /* Build configuration list for PBXNativeTarget "ColoradoBreweryFinder" */;
			buildPhases = (
				C9FBC3B41BFE80E00055E01B /* Sources */,
				C9FBC3B51BFE80E00055E01B /* Frameworks */,
				C9FBC3B61BFE80E00055E01B /* Resources */,
			);
			buildRules = (
			);
			dependencies = (
				C9FBC4191BFFD1B30055E01B /* PBXTargetDependency */,
			);
			name = ColoradoBreweryFinder;
			productName = ColoradoBreweryFinder;
			productReference = C9FBC3B81BFE80E00055E01B /* ColoradoBreweryFinder.app */;
			productType = "com.apple.product-type.application";
		};
		C9FBC3D31BFE80E00055E01B /* ColoradoBreweryFinderTests */ = {
			isa = PBXNativeTarget;
			buildConfigurationList = C9FBC3EB1BFE80E00055E01B /* Build configuration list for PBXNativeTarget "ColoradoBreweryFinderTests" */;
			buildPhases = (
				C9FBC3D01BFE80E00055E01B /* Sources */,
				C9FBC3D11BFE80E00055E01B /* Frameworks */,
				C9FBC3D21BFE80E00055E01B /* Resources */,
			);
			buildRules = (
			);
			dependencies = (
				C9FBC3D61BFE80E00055E01B /* PBXTargetDependency */,
			);
			name = ColoradoBreweryFinderTests;
			productName = ColoradoBreweryFinderTests;
			productReference = C9FBC3D41BFE80E00055E01B /* ColoradoBreweryFinderTests.xctest */;
			productType = "com.apple.product-type.bundle.unit-test";
		};
		C9FBC3DE1BFE80E00055E01B /* ColoradoBreweryFinderUITests */ = {
			isa = PBXNativeTarget;
			buildConfigurationList = C9FBC3EE1BFE80E00055E01B /* Build configuration list for PBXNativeTarget "ColoradoBreweryFinderUITests" */;
			buildPhases = (
				C9FBC3DB1BFE80E00055E01B /* Sources */,
				C9FBC3DC1BFE80E00055E01B /* Frameworks */,
				C9FBC3DD1BFE80E00055E01B /* Resources */,
			);
			buildRules = (
			);
			dependencies = (
				C9FBC3E11BFE80E00055E01B /* PBXTargetDependency */,
			);
			name = ColoradoBreweryFinderUITests;
			productName = ColoradoBreweryFinderUITests;
			productReference = C9FBC3DF1BFE80E00055E01B /* ColoradoBreweryFinderUITests.xctest */;
			productType = "com.apple.product-type.bundle.ui-testing";
		};
/* End PBXNativeTarget section */

/* Begin PBXProject section */
		C9FBC3B01BFE80E00055E01B /* Project object */ = {
			isa = PBXProject;
			attributes = {
				LastUpgradeCheck = 0710;
				ORGANIZATIONNAME = "Ben Russell";
				TargetAttributes = {
					C9FBC3B71BFE80E00055E01B = {
						CreatedOnToolsVersion = 7.1.1;
					};
					C9FBC3D31BFE80E00055E01B = {
						CreatedOnToolsVersion = 7.1.1;
						TestTargetID = C9FBC3B71BFE80E00055E01B;
					};
					C9FBC3DE1BFE80E00055E01B = {
						CreatedOnToolsVersion = 7.1.1;
						TestTargetID = C9FBC3B71BFE80E00055E01B;
					};
					C9FBC3F41BFF9AE70055E01B = {
						CreatedOnToolsVersion = 7.1.1;
					};
				};
			};
			buildConfigurationList = C9FBC3B31BFE80E00055E01B /* Build configuration list for PBXProject "ColoradoBreweryFinder" */;
			compatibilityVersion = "Xcode 3.2";
			developmentRegion = English;
			hasScannedForEncodings = 0;
			knownRegions = (
				en,
				Base,
			);
			mainGroup = C9FBC3AF1BFE80E00055E01B;
			productRefGroup = C9FBC3B91BFE80E00055E01B /* Products */;
			projectDirPath = "";
			projectRoot = "";
			targets = (
				C9FBC3B71BFE80E00055E01B /* ColoradoBreweryFinder */,
				C9FBC3D31BFE80E00055E01B /* ColoradoBreweryFinderTests */,
				C9FBC3DE1BFE80E00055E01B /* ColoradoBreweryFinderUITests */,
				C9FBC3F41BFF9AE70055E01B /* Mogenerator */,
			);
		};
/* End PBXProject section */

/* Begin PBXResourcesBuildPhase section */
		C9FBC3B61BFE80E00055E01B /* Resources */ = {
			isa = PBXResourcesBuildPhase;
			buildActionMask = 2147483647;
			files = (
				C9FBC3CE1BFE80E00055E01B /* LaunchScreen.storyboard in Resources */,
				C9FBC3CB1BFE80E00055E01B /* Assets.xcassets in Resources */,
				C9FBC3C61BFE80E00055E01B /* Main.storyboard in Resources */,
			);
			runOnlyForDeploymentPostprocessing = 0;
		};
		C9FBC3D21BFE80E00055E01B /* Resources */ = {
			isa = PBXResourcesBuildPhase;
			buildActionMask = 2147483647;
			files = (
			);
			runOnlyForDeploymentPostprocessing = 0;
		};
		C9FBC3DD1BFE80E00055E01B /* Resources */ = {
			isa = PBXResourcesBuildPhase;
			buildActionMask = 2147483647;
			files = (
			);
			runOnlyForDeploymentPostprocessing = 0;
		};
/* End PBXResourcesBuildPhase section */

/* Begin PBXShellScriptBuildPhase section */
		C9FBC3F81BFF9AF70055E01B /* ShellScript */ = {
			isa = PBXShellScriptBuildPhase;
			buildActionMask = 2147483647;
			files = (
			);
			inputPaths = (
			);
			outputPaths = (
			);
			runOnlyForDeploymentPostprocessing = 0;
			shellPath = /bin/sh;
			shellScript = "cd ColoradoBreweryFinder\nmogenerator -m ./ColoradoBreweryFinder.xcdatamodeld -O ./Model --template-var arc=true -M Model/Machine/ -H Model/Human/\n";
		};
/* End PBXShellScriptBuildPhase section */

/* Begin PBXSourcesBuildPhase section */
		C9FBC3B41BFE80E00055E01B /* Sources */ = {
			isa = PBXSourcesBuildPhase;
			buildActionMask = 2147483647;
			files = (
				C90F6DA81C35C4FF001E1726 /* CBFBeerHeaderCell.m in Sources */,
				C9FBC4311BFFD46B0055E01B /* CBFBeerRating.m in Sources */,
				C9429C9A1C2067B400C9D844 /* CBFBreweryDetailController.m in Sources */,
				C9FBC4331BFFD46B0055E01B /* CBFBreweryRating.m in Sources */,
				C9D7D6AB1C344F9500294690 /* CBFBeerCell.m in Sources */,
				C9FBC4341BFFD46B0055E01B /* CBFUser.m in Sources */,
				C9FBC3C31BFE80E00055E01B /* ViewController.m in Sources */,
				C9F5CAEE1C11F9FD00618F50 /* CBFCoreDataController.m in Sources */,
				C9429CA21C2718F500C9D844 /* CBFBreweryMapViewController.m in Sources */,
				C9429CA81C31DE6800C9D844 /* NSString+MD5String.m in Sources */,
				C9FBC4361BFFD46B0055E01B /* _CBFBeerRating.m in Sources */,
				C9FBC4371BFFD46B0055E01B /* _CBFBrewery.m in Sources */,
				C9FBC4321BFFD46B0055E01B /* CBFBrewery.m in Sources */,
				C9F5CAEB1C110D4200618F50 /* NSString+NSString_EscapedString.m in Sources */,
				C9FBBD641C19D3820008D7A6 /* CBFGeofenceManager.m in Sources */,
				C9FBC4351BFFD46B0055E01B /* _CBFBeer.m in Sources */,
				C9429C9D1C209C8700C9D844 /* CBFBreweryHeaderCell.m in Sources */,
				C9F5CAE41C109EC900618F50 /* CBFServiceController.m in Sources */,
				C9F5CADC1C0FB83C00618F50 /* CBFLogInViewController.m in Sources */,
				C9FBC3F31BFF78430055E01B /* BRPersistenceController.m in Sources */,
				C9FBC4381BFFD46B0055E01B /* _CBFBreweryRating.m in Sources */,
				C9FBBD6A1C1B7A9A0008D7A6 /* CBFBreweryCell.m in Sources */,
				C9FBC3C91BFE80E00055E01B /* ColoradoBreweryFinder.xcdatamodeld in Sources */,
				C90F6D9F1C34823A001E1726 /* CBFFlipSegue.m in Sources */,
				C9FBC4301BFFD46B0055E01B /* CBFBeer.m in Sources */,
				C9FBC3C01BFE80E00055E01B /* AppDelegate.m in Sources */,
				C9FBC4391BFFD46B0055E01B /* _CBFUser.m in Sources */,
				C9F5CAE71C10A5ED00618F50 /* CBFSignUpViewController.m in Sources */,
				C9FBC3BD1BFE80E00055E01B /* main.m in Sources */,
				C9F5CAF31C16057700618F50 /* STKeychain.m in Sources */,
				C90F6DA51C35C446001E1726 /* CBFBeerDetailViewController.m in Sources */,
				C9429CA51C287AF100C9D844 /* CBFBreweryLocation.m in Sources */,
			);
			runOnlyForDeploymentPostprocessing = 0;
		};
		C9FBC3D01BFE80E00055E01B /* Sources */ = {
			isa = PBXSourcesBuildPhase;
			buildActionMask = 2147483647;
			files = (
				C9FBC3D91BFE80E00055E01B /* ColoradoBreweryFinderTests.m in Sources */,
				C9FBC43B1C0384F70055E01B /* CBFBeerTests.m in Sources */,
				C9F5CAE11C109E2800618F50 /* ServiceControllerTests.m in Sources */,
			);
			runOnlyForDeploymentPostprocessing = 0;
		};
		C9FBC3DB1BFE80E00055E01B /* Sources */ = {
			isa = PBXSourcesBuildPhase;
			buildActionMask = 2147483647;
			files = (
				C9FBC3E41BFE80E00055E01B /* ColoradoBreweryFinderUITests.m in Sources */,
			);
			runOnlyForDeploymentPostprocessing = 0;
		};
/* End PBXSourcesBuildPhase section */

/* Begin PBXTargetDependency section */
		C9FBC3D61BFE80E00055E01B /* PBXTargetDependency */ = {
			isa = PBXTargetDependency;
			target = C9FBC3B71BFE80E00055E01B /* ColoradoBreweryFinder */;
			targetProxy = C9FBC3D51BFE80E00055E01B /* PBXContainerItemProxy */;
		};
		C9FBC3E11BFE80E00055E01B /* PBXTargetDependency */ = {
			isa = PBXTargetDependency;
			target = C9FBC3B71BFE80E00055E01B /* ColoradoBreweryFinder */;
			targetProxy = C9FBC3E01BFE80E00055E01B /* PBXContainerItemProxy */;
		};
		C9FBC4191BFFD1B30055E01B /* PBXTargetDependency */ = {
			isa = PBXTargetDependency;
			target = C9FBC3F41BFF9AE70055E01B /* Mogenerator */;
			targetProxy = C9FBC4181BFFD1B30055E01B /* PBXContainerItemProxy */;
		};
/* End PBXTargetDependency section */

/* Begin PBXVariantGroup section */
		C9FBC3C41BFE80E00055E01B /* Main.storyboard */ = {
			isa = PBXVariantGroup;
			children = (
				C9FBC3C51BFE80E00055E01B /* Base */,
			);
			name = Main.storyboard;
			sourceTree = "<group>";
		};
		C9FBC3CC1BFE80E00055E01B /* LaunchScreen.storyboard */ = {
			isa = PBXVariantGroup;
			children = (
				C9FBC3CD1BFE80E00055E01B /* Base */,
			);
			name = LaunchScreen.storyboard;
			sourceTree = "<group>";
		};
/* End PBXVariantGroup section */

/* Begin XCBuildConfiguration section */
		C9FBC3E61BFE80E00055E01B /* Debug */ = {
			isa = XCBuildConfiguration;
			buildSettings = {
				ALWAYS_SEARCH_USER_PATHS = NO;
				CLANG_CXX_LANGUAGE_STANDARD = "gnu++0x";
				CLANG_CXX_LIBRARY = "libc++";
				CLANG_ENABLE_MODULES = YES;
				CLANG_ENABLE_OBJC_ARC = YES;
				CLANG_WARN_BOOL_CONVERSION = YES;
				CLANG_WARN_CONSTANT_CONVERSION = YES;
				CLANG_WARN_DIRECT_OBJC_ISA_USAGE = YES_ERROR;
				CLANG_WARN_EMPTY_BODY = YES;
				CLANG_WARN_ENUM_CONVERSION = YES;
				CLANG_WARN_INT_CONVERSION = YES;
				CLANG_WARN_OBJC_ROOT_CLASS = YES_ERROR;
				CLANG_WARN_UNREACHABLE_CODE = YES;
				CLANG_WARN__DUPLICATE_METHOD_MATCH = YES;
				"CODE_SIGN_IDENTITY[sdk=iphoneos*]" = "iPhone Developer";
				COPY_PHASE_STRIP = NO;
				DEBUG_INFORMATION_FORMAT = dwarf;
				ENABLE_STRICT_OBJC_MSGSEND = YES;
				ENABLE_TESTABILITY = YES;
				GCC_C_LANGUAGE_STANDARD = gnu99;
				GCC_DYNAMIC_NO_PIC = NO;
				GCC_NO_COMMON_BLOCKS = YES;
				GCC_OPTIMIZATION_LEVEL = 0;
				GCC_PREPROCESSOR_DEFINITIONS = (
					"DEBUG=1",
					"$(inherited)",
				);
				GCC_WARN_64_TO_32_BIT_CONVERSION = YES;
				GCC_WARN_ABOUT_RETURN_TYPE = YES_ERROR;
				GCC_WARN_UNDECLARED_SELECTOR = YES;
				GCC_WARN_UNINITIALIZED_AUTOS = YES_AGGRESSIVE;
				GCC_WARN_UNUSED_FUNCTION = YES;
				GCC_WARN_UNUSED_VARIABLE = YES;
				IPHONEOS_DEPLOYMENT_TARGET = 9.1;
				MTL_ENABLE_DEBUG_INFO = YES;
				ONLY_ACTIVE_ARCH = YES;
				SDKROOT = iphoneos;
				TARGETED_DEVICE_FAMILY = "1,2";
			};
			name = Debug;
		};
		C9FBC3E71BFE80E00055E01B /* Release */ = {
			isa = XCBuildConfiguration;
			buildSettings = {
				ALWAYS_SEARCH_USER_PATHS = NO;
				CLANG_CXX_LANGUAGE_STANDARD = "gnu++0x";
				CLANG_CXX_LIBRARY = "libc++";
				CLANG_ENABLE_MODULES = YES;
				CLANG_ENABLE_OBJC_ARC = YES;
				CLANG_WARN_BOOL_CONVERSION = YES;
				CLANG_WARN_CONSTANT_CONVERSION = YES;
				CLANG_WARN_DIRECT_OBJC_ISA_USAGE = YES_ERROR;
				CLANG_WARN_EMPTY_BODY = YES;
				CLANG_WARN_ENUM_CONVERSION = YES;
				CLANG_WARN_INT_CONVERSION = YES;
				CLANG_WARN_OBJC_ROOT_CLASS = YES_ERROR;
				CLANG_WARN_UNREACHABLE_CODE = YES;
				CLANG_WARN__DUPLICATE_METHOD_MATCH = YES;
				"CODE_SIGN_IDENTITY[sdk=iphoneos*]" = "iPhone Developer";
				COPY_PHASE_STRIP = NO;
				DEBUG_INFORMATION_FORMAT = "dwarf-with-dsym";
				ENABLE_NS_ASSERTIONS = NO;
				ENABLE_STRICT_OBJC_MSGSEND = YES;
				GCC_C_LANGUAGE_STANDARD = gnu99;
				GCC_NO_COMMON_BLOCKS = YES;
				GCC_WARN_64_TO_32_BIT_CONVERSION = YES;
				GCC_WARN_ABOUT_RETURN_TYPE = YES_ERROR;
				GCC_WARN_UNDECLARED_SELECTOR = YES;
				GCC_WARN_UNINITIALIZED_AUTOS = YES_AGGRESSIVE;
				GCC_WARN_UNUSED_FUNCTION = YES;
				GCC_WARN_UNUSED_VARIABLE = YES;
				IPHONEOS_DEPLOYMENT_TARGET = 9.1;
				MTL_ENABLE_DEBUG_INFO = NO;
				SDKROOT = iphoneos;
				TARGETED_DEVICE_FAMILY = "1,2";
				VALIDATE_PRODUCT = YES;
			};
			name = Release;
		};
		C9FBC3E91BFE80E00055E01B /* Debug */ = {
			isa = XCBuildConfiguration;
			buildSettings = {
				ASSETCATALOG_COMPILER_APPICON_NAME = AppIcon;
				INFOPLIST_FILE = ColoradoBreweryFinder/Info.plist;
				LD_RUNPATH_SEARCH_PATHS = "$(inherited) @executable_path/Frameworks";
				PRODUCT_BUNDLE_IDENTIFIER = com.BenRussell.ColoradoBreweryFinder;
				PRODUCT_NAME = "$(TARGET_NAME)";
			};
			name = Debug;
		};
		C9FBC3EA1BFE80E00055E01B /* Release */ = {
			isa = XCBuildConfiguration;
			buildSettings = {
				ASSETCATALOG_COMPILER_APPICON_NAME = AppIcon;
				INFOPLIST_FILE = ColoradoBreweryFinder/Info.plist;
				LD_RUNPATH_SEARCH_PATHS = "$(inherited) @executable_path/Frameworks";
				PRODUCT_BUNDLE_IDENTIFIER = com.BenRussell.ColoradoBreweryFinder;
				PRODUCT_NAME = "$(TARGET_NAME)";
			};
			name = Release;
		};
		C9FBC3EC1BFE80E00055E01B /* Debug */ = {
			isa = XCBuildConfiguration;
			buildSettings = {
				BUNDLE_LOADER = "$(TEST_HOST)";
				INFOPLIST_FILE = ColoradoBreweryFinderTests/Info.plist;
				LD_RUNPATH_SEARCH_PATHS = "$(inherited) @executable_path/Frameworks @loader_path/Frameworks";
				PRODUCT_BUNDLE_IDENTIFIER = com.BenRussell.ColoradoBreweryFinderTests;
				PRODUCT_NAME = "$(TARGET_NAME)";
				TEST_HOST = "$(BUILT_PRODUCTS_DIR)/ColoradoBreweryFinder.app/ColoradoBreweryFinder";
			};
			name = Debug;
		};
		C9FBC3ED1BFE80E00055E01B /* Release */ = {
			isa = XCBuildConfiguration;
			buildSettings = {
				BUNDLE_LOADER = "$(TEST_HOST)";
				INFOPLIST_FILE = ColoradoBreweryFinderTests/Info.plist;
				LD_RUNPATH_SEARCH_PATHS = "$(inherited) @executable_path/Frameworks @loader_path/Frameworks";
				PRODUCT_BUNDLE_IDENTIFIER = com.BenRussell.ColoradoBreweryFinderTests;
				PRODUCT_NAME = "$(TARGET_NAME)";
				TEST_HOST = "$(BUILT_PRODUCTS_DIR)/ColoradoBreweryFinder.app/ColoradoBreweryFinder";
			};
			name = Release;
		};
		C9FBC3EF1BFE80E00055E01B /* Debug */ = {
			isa = XCBuildConfiguration;
			buildSettings = {
				INFOPLIST_FILE = ColoradoBreweryFinderUITests/Info.plist;
				LD_RUNPATH_SEARCH_PATHS = "$(inherited) @executable_path/Frameworks @loader_path/Frameworks";
				PRODUCT_BUNDLE_IDENTIFIER = com.BenRussell.ColoradoBreweryFinderUITests;
				PRODUCT_NAME = "$(TARGET_NAME)";
				TEST_TARGET_NAME = ColoradoBreweryFinder;
				USES_XCTRUNNER = YES;
			};
			name = Debug;
		};
		C9FBC3F01BFE80E00055E01B /* Release */ = {
			isa = XCBuildConfiguration;
			buildSettings = {
				INFOPLIST_FILE = ColoradoBreweryFinderUITests/Info.plist;
				LD_RUNPATH_SEARCH_PATHS = "$(inherited) @executable_path/Frameworks @loader_path/Frameworks";
				PRODUCT_BUNDLE_IDENTIFIER = com.BenRussell.ColoradoBreweryFinderUITests;
				PRODUCT_NAME = "$(TARGET_NAME)";
				TEST_TARGET_NAME = ColoradoBreweryFinder;
				USES_XCTRUNNER = YES;
			};
			name = Release;
		};
		C9FBC3F51BFF9AE70055E01B /* Debug */ = {
			isa = XCBuildConfiguration;
			buildSettings = {
				PRODUCT_NAME = "$(TARGET_NAME)";
			};
			name = Debug;
		};
		C9FBC3F61BFF9AE70055E01B /* Release */ = {
			isa = XCBuildConfiguration;
			buildSettings = {
				PRODUCT_NAME = "$(TARGET_NAME)";
			};
			name = Release;
		};
/* End XCBuildConfiguration section */

/* Begin XCConfigurationList section */
		C9FBC3B31BFE80E00055E01B /* Build configuration list for PBXProject "ColoradoBreweryFinder" */ = {
			isa = XCConfigurationList;
			buildConfigurations = (
				C9FBC3E61BFE80E00055E01B /* Debug */,
				C9FBC3E71BFE80E00055E01B /* Release */,
			);
			defaultConfigurationIsVisible = 0;
			defaultConfigurationName = Release;
		};
		C9FBC3E81BFE80E00055E01B /* Build configuration list for PBXNativeTarget "ColoradoBreweryFinder" */ = {
			isa = XCConfigurationList;
			buildConfigurations = (
				C9FBC3E91BFE80E00055E01B /* Debug */,
				C9FBC3EA1BFE80E00055E01B /* Release */,
			);
			defaultConfigurationIsVisible = 0;
			defaultConfigurationName = Release;
		};
		C9FBC3EB1BFE80E00055E01B /* Build configuration list for PBXNativeTarget "ColoradoBreweryFinderTests" */ = {
			isa = XCConfigurationList;
			buildConfigurations = (
				C9FBC3EC1BFE80E00055E01B /* Debug */,
				C9FBC3ED1BFE80E00055E01B /* Release */,
			);
			defaultConfigurationIsVisible = 0;
			defaultConfigurationName = Release;
		};
		C9FBC3EE1BFE80E00055E01B /* Build configuration list for PBXNativeTarget "ColoradoBreweryFinderUITests" */ = {
			isa = XCConfigurationList;
			buildConfigurations = (
				C9FBC3EF1BFE80E00055E01B /* Debug */,
				C9FBC3F01BFE80E00055E01B /* Release */,
			);
			defaultConfigurationIsVisible = 0;
			defaultConfigurationName = Release;
		};
		C9FBC3F71BFF9AE70055E01B /* Build configuration list for PBXAggregateTarget "Mogenerator" */ = {
			isa = XCConfigurationList;
			buildConfigurations = (
				C9FBC3F51BFF9AE70055E01B /* Debug */,
				C9FBC3F61BFF9AE70055E01B /* Release */,
			);
			defaultConfigurationIsVisible = 0;
			defaultConfigurationName = Release;
		};
/* End XCConfigurationList section */

/* Begin XCVersionGroup section */
		C9FBC3C71BFE80E00055E01B /* ColoradoBreweryFinder.xcdatamodeld */ = {
			isa = XCVersionGroup;
			children = (
				C9FBC3C81BFE80E00055E01B /* ColoradoBreweryFinder.xcdatamodel */,
			);
			currentVersion = C9FBC3C81BFE80E00055E01B /* ColoradoBreweryFinder.xcdatamodel */;
			name = ColoradoBreweryFinder.xcdatamodeld;
			path = ../ColoradoBreweryFinder.xcdatamodeld;
			sourceTree = "<group>";
			versionGroupType = wrapper.xcdatamodel;
		};
/* End XCVersionGroup section */
	};
	rootObject = C9FBC3B01BFE80E00055E01B /* Project object */;
}
